PODS:
  - Alamofire-SCF (4.6.0):
    - Alamofire-SCF/StaticCocoaFramework (= 4.6.0)
  - Alamofire-SCF/StaticCocoaFramework (4.6.0)
  - CryptoSwift-SCF (0.8.0):
    - CryptoSwift-SCF/StaticCocoaFramework (= 0.8.0)
  - CryptoSwift-SCF/StaticCocoaFramework (0.8.0)
  - Dispatch-SCF (2.0.4):
    - Dispatch-SCF/StaticCocoaFramework (= 2.0.4)
  - Dispatch-SCF/StaticCocoaFramework (2.0.4)
  - SwiftCommons-SCF/Data (1.1.0):
    - SwiftCommonsData-SCF (= 1.1.0)
  - SwiftCommons-SCF/Diagnostics (1.1.0):
    - SwiftCommonsDiagnostics-SCF (= 1.1.0)
  - SwiftCommons-SCF/Logging (1.1.0):
    - SwiftCommonsLogging-SCF (= 1.1.0)
  - SwiftCommonsAbstractions-SCF (1.1.0):
    - SwiftCommonsAbstractions-SCF/StaticCocoaFramework (= 1.1.0)
  - SwiftCommonsAbstractions-SCF/StaticCocoaFramework (1.1.0)
  - SwiftCommonsConcurrent-SCF (1.1.0):
    - SwiftCommonsConcurrent-SCF/StaticCocoaFramework (= 1.1.0)
  - SwiftCommonsConcurrent-SCF/StaticCocoaFramework (1.1.0):
    - Dispatch-SCF (~> 2.0.4)
    - SwiftCommonsObjC-SCF (= 1.1.0)
  - SwiftCommonsData-SCF (1.1.0):
    - SwiftCommonsData-SCF/StaticCocoaFramework (= 1.1.0)
  - SwiftCommonsData-SCF/StaticCocoaFramework (1.1.0):
    - CryptoSwift-SCF (~> 0.8.0)
    - SwiftCommonsDiagnostics-SCF (= 1.1.0)
  - SwiftCommonsDiagnostics-SCF (1.1.0):
    - SwiftCommonsDiagnostics-SCF/StaticCocoaFramework (= 1.1.0)
  - SwiftCommonsDiagnostics-SCF/StaticCocoaFramework (1.1.0):
    - SwiftCommonsConcurrent-SCF (= 1.1.0)
    - SwiftCommonsExtensions-SCF (= 1.1.0)
  - SwiftCommonsExtensions-SCF (1.1.0):
    - SwiftCommonsExtensions-SCF/StaticCocoaFramework (= 1.1.0)
  - SwiftCommonsExtensions-SCF/StaticCocoaFramework (1.1.0):
    - SwiftCommonsAbstractions-SCF (= 1.1.0)
    - SwiftCommonsLogging-SCF (= 1.1.0)
  - SwiftCommonsLang-SCF (1.1.0):
    - SwiftCommonsLang-SCF/StaticCocoaFramework (= 1.1.0)
  - SwiftCommonsLang-SCF/StaticCocoaFramework (1.1.0)
  - SwiftCommonsLogging-SCF (1.1.0):
    - SwiftCommonsLogging-SCF/StaticCocoaFramework (= 1.1.0)
  - SwiftCommonsLogging-SCF/StaticCocoaFramework (1.1.0):
    - SwiftCommonsConcurrent-SCF (= 1.1.0)
    - SwiftCommonsLang-SCF (= 1.1.0)
  - SwiftCommonsObjC-SCF (1.1.0):
    - SwiftCommonsObjC-SCF/StaticCocoaFramework (= 1.1.0)
  - SwiftCommonsObjC-SCF/StaticCocoaFramework (1.1.0)
  - SwiftyJSON-SCF (4.0.0):
    - SwiftyJSON-SCF/StaticCocoaFramework (= 4.0.0)
  - SwiftyJSON-SCF/StaticCocoaFramework (4.0.0)

DEPENDENCIES:
  - Alamofire-SCF (~> 4.6.0)
  - SwiftCommons-SCF/Data (~> 1.1.0)
  - SwiftCommons-SCF/Diagnostics (~> 1.1.0)
  - SwiftCommons-SCF/Logging (~> 1.1.0)
  - SwiftyJSON-SCF (~> 4.0.0)

SPEC CHECKSUMS:
  Alamofire-SCF: 925de2f1ce8f950b362ff9dc83675ab63c1eef32
  CryptoSwift-SCF: a9c0686544450d97e6c5e13b7172ea3d677aaf9a
  Dispatch-SCF: 260f244bfae3213f83e77cb99b275cefa4c3ba62
  SwiftCommons-SCF: 9042d783e58ffaf47e1c489b6b05d269416a34c4
  SwiftCommonsAbstractions-SCF: ebf60db130413ba710516d32ba03efc528a0a3f8
  SwiftCommonsConcurrent-SCF: 2751f0e3853b83f6e994c3974f331aefcfc1074d
  SwiftCommonsData-SCF: a6aeae619cf9803028ff908fbc78b2912c75d2b1
  SwiftCommonsDiagnostics-SCF: 7f85994cc5393461c97333085e87faed15a69323
  SwiftCommonsExtensions-SCF: fd2408d91503128b4f2523596c3025c116be42a9
  SwiftCommonsLang-SCF: 64283622f23f401fa075353bdabfe09c6e4c8ddf
  SwiftCommonsLogging-SCF: 811154c79323044d64fcf866829fd0b72f2ff8a6
  SwiftCommonsObjC-SCF: 86f06a4198db77460cad50fe6db2f5c53c4d88ea
  SwiftyJSON-SCF: 2bb4daea8dba562b375d2507ebb9dfca91d464ef

PODFILE CHECKSUM: 517373227de9987333333b166bb2daba69348242

COCOAPODS: 1.4.0.beta.2
